
Microsoft Visual Studio Solution File, Format Version 12.00
# Visual Studio Version 17
VisualStudioVersion = 17.13.35825.156
MinimumVisualStudioVersion = 10.0.40219.1
Project("{FAE04EC0-301F-11D3-BF4B-00C04F79EFBC}") = "Recorder", "Recorder.csproj", "{A3C56C4A-57FC-48A4-A45A-DA12304D06A9}"
EndProject
Project("{2150E333-8FDC-42A3-9474-1A3956D46DE8}") = "Solution Items", "Solution Items", "{7A703CAF-2FFC-4FCD-9E2C-0D8B58164620}"
EndProject
Global
	GlobalSection(SolutionConfigurationPlatforms) = preSolution
		Debug|x86 = Debug|x86
		Release|x86 = Release|x86
	EndGlobalSection
	GlobalSection(ProjectConfigurationPlatforms) = postSolution
		{A3C56C4A-57FC-48A4-A45A-DA12304D06A9}.Debug|x86.ActiveCfg = Debug|x86
		{A3C56C4A-57FC-48A4-A45A-DA12304D06A9}.Debug|x86.Build.0 = Debug|x86
		{A3C56C4A-57FC-48A4-A45A-DA12304D06A9}.Release|x86.ActiveCfg = Release|x86
		{A3C56C4A-57FC-48A4-A45A-DA12304D06A9}.Release|x86.Build.0 = Release|x86
	EndGlobalSection
	GlobalSection(SolutionProperties) = preSolution
		HideSolutionNode = FALSE
	EndGlobalSection
	GlobalSection(ExtensibilityGlobals) = postSolution
		SolutionGuid = {206D832D-DAA2-4ECE-BA54-DCA70A8EF3D9}
	EndGlobalSection
EndGlobal
